
Microsoft Visual Studio Solution File, Format Version 12.00
# Visual Studio 15
VisualStudioVersion = 15.0.28307.1259
MinimumVisualStudioVersion = 10.0.40219.1
Project("{8BC9CEB8-8B4A-11D0-8D11-00A0C91BC942}") = "Bankamatik Uygulaması", "Bankamatik Uygulaması\Bankamatik Uygulaması.vcxproj", "{FA6E49EB-332E-418A-8725-6A87B8EDD92F}"
EndProject
Global
	GlobalSection(SolutionConfigurationPlatforms) = preSolution
		Debug|x64 = Debug|x64
		Debug|x86 = Debug|x86
		Release|x64 = Release|x64
		Release|x86 = Release|x86
	EndGlobalSection
	GlobalSection(ProjectConfigurationPlatforms) = postSolution
		{FA6E49EB-332E-418A-8725-6A87B8EDD92F}.Debug|x64.ActiveCfg = Debug|x64
		{FA6E49EB-332E-418A-8725-6A87B8EDD92F}.Debug|x64.Build.0 = Debug|x64
		{FA6E49EB-332E-418A-8725-6A87B8EDD92F}.Debug|x86.ActiveCfg = Debug|Win32
		{FA6E49EB-332E-418A-8725-6A87B8EDD92F}.Debug|x86.Build.0 = Debug|Win32
		{FA6E49EB-332E-418A-8725-6A87B8EDD92F}.Release|x64.ActiveCfg = Release|x64
		{FA6E49EB-332E-418A-8725-6A87B8EDD92F}.Release|x64.Build.0 = Release|x64
		{FA6E49EB-332E-418A-8725-6A87B8EDD92F}.Release|x86.ActiveCfg = Release|Win32
		{FA6E49EB-332E-418A-8725-6A87B8EDD92F}.Release|x86.Build.0 = Release|Win32
	EndGlobalSection
	GlobalSection(SolutionProperties) = preSolution
		HideSolutionNode = FALSE
	EndGlobalSection
	GlobalSection(ExtensibilityGlobals) = postSolution
		SolutionGuid = {D3E740B8-0F8C-4198-BAB6-91406731C541}
	EndGlobalSection
EndGlobal
