
Microsoft Visual Studio Solution File, Format Version 12.00
# Visual Studio 15
VisualStudioVersion = 15.0.28307.1259
MinimumVisualStudioVersion = 10.0.40219.1
Project("{8BC9CEB8-8B4A-11D0-8D11-00A0C91BC942}") = "Aylık kazanca göre vergi hesaplayan program", "Aylık kazanca göre vergi hesaplayan program\Aylık kazanca göre vergi hesaplayan program.vcxproj", "{49C868FE-A909-4A36-89EB-6FF71ABA540C}"
EndProject
Global
	GlobalSection(SolutionConfigurationPlatforms) = preSolution
		Debug|x64 = Debug|x64
		Debug|x86 = Debug|x86
		Release|x64 = Release|x64
		Release|x86 = Release|x86
	EndGlobalSection
	GlobalSection(ProjectConfigurationPlatforms) = postSolution
		{49C868FE-A909-4A36-89EB-6FF71ABA540C}.Debug|x64.ActiveCfg = Debug|x64
		{49C868FE-A909-4A36-89EB-6FF71ABA540C}.Debug|x64.Build.0 = Debug|x64
		{49C868FE-A909-4A36-89EB-6FF71ABA540C}.Debug|x86.ActiveCfg = Debug|Win32
		{49C868FE-A909-4A36-89EB-6FF71ABA540C}.Debug|x86.Build.0 = Debug|Win32
		{49C868FE-A909-4A36-89EB-6FF71ABA540C}.Release|x64.ActiveCfg = Release|x64
		{49C868FE-A909-4A36-89EB-6FF71ABA540C}.Release|x64.Build.0 = Release|x64
		{49C868FE-A909-4A36-89EB-6FF71ABA540C}.Release|x86.ActiveCfg = Release|Win32
		{49C868FE-A909-4A36-89EB-6FF71ABA540C}.Release|x86.Build.0 = Release|Win32
	EndGlobalSection
	GlobalSection(SolutionProperties) = preSolution
		HideSolutionNode = FALSE
	EndGlobalSection
	GlobalSection(ExtensibilityGlobals) = postSolution
		SolutionGuid = {4697B194-D858-4078-A9A3-8BB593B6E807}
	EndGlobalSection
EndGlobal
